
Microsoft Visual Studio Solution File, Format Version 12.00
# Visual Studio Version 16
VisualStudioVersion = 16.0.34031.81
MinimumVisualStudioVersion = 10.0.40219.1
Project("{2150E333-8FDC-42A3-9474-1A3956D46DE8}") = "Task4", "Task4", "{5B6A8516-4A8D-4B1D-8ACB-9E3E909BC97C}"
EndProject
Project("{FAE04EC0-301F-11D3-BF4B-00C04F79EFBC}") = "Tyuiu.ShustovTS.Sprint6.Task4.V24", "Tyuiu.ShustovTS.Sprint6.Task4.V24\Tyuiu.ShustovTS.Sprint6.Task4.V24.csproj", "{FB576B6A-6BE5-4398-9573-E2FB2AE3D390}"
EndProject
Project("{FAE04EC0-301F-11D3-BF4B-00C04F79EFBC}") = "Tyuiu.ShustovTS.Sprint6.Task4.V24.Lib", "Tyuiu.ShustovTS.Sprint6.Task4.V24.Lib\Tyuiu.ShustovTS.Sprint6.Task4.V24.Lib.csproj", "{E2EA4427-F19E-49EA-9FB6-21EE18738A2D}"
EndProject
Project("{FAE04EC0-301F-11D3-BF4B-00C04F79EFBC}") = "Tyuiu.ShustovTS.Sprint6.Task4.V24.Test", "Tyuiu.ShustovTS.Sprint6.Task4.V24.Test\Tyuiu.ShustovTS.Sprint6.Task4.V24.Test.csproj", "{0970E9E2-5642-4526-A024-F36ED12ECB1A}"
EndProject
Project("{2150E333-8FDC-42A3-9474-1A3956D46DE8}") = "Task5", "Task5", "{BFFC23A5-FBE3-41B3-BC99-E11182042119}"
EndProject
Project("{FAE04EC0-301F-11D3-BF4B-00C04F79EFBC}") = "Tyuiu.ShustovTS.Sprint6.Task5.V14", "Tyuiu.ShustovTS.Sprint6.Task5.V14\Tyuiu.ShustovTS.Sprint6.Task5.V14.csproj", "{F4A4C893-9963-42B5-A3FF-8995379241CA}"
EndProject
Project("{FAE04EC0-301F-11D3-BF4B-00C04F79EFBC}") = "Tyuiu.ShustovTS.Sprint6.Task5.V14.Lib", "Tyuiu.ShustovTS.Sprint6.Task5.V14.Lib\Tyuiu.ShustovTS.Sprint6.Task5.V14.Lib.csproj", "{EF08A8E6-5E26-4588-80AE-C059E28301A8}"
EndProject
Project("{FAE04EC0-301F-11D3-BF4B-00C04F79EFBC}") = "Tyuiu.ShustovTS.Sprint6.Task5.V14.Test", "Tyuiu.ShustovTS.Sprint6.Task5.V14.Test\Tyuiu.ShustovTS.Sprint6.Task5.V14.Test.csproj", "{15E2FF8C-471A-40BF-BFFA-3EBC801B8DAB}"
EndProject
Project("{2150E333-8FDC-42A3-9474-1A3956D46DE8}") = "Task6", "Task6", "{42E159AA-6745-41D9-952D-DFA735A5E36B}"
EndProject
Project("{FAE04EC0-301F-11D3-BF4B-00C04F79EFBC}") = "Tyuiu.ShustovTS.Sprint6.Task6.V8", "Tyuiu.ShustovTS.Sprint6.Task6.V8\Tyuiu.ShustovTS.Sprint6.Task6.V8.csproj", "{D55D40DF-84A2-4FCE-8591-A7C957C1D19C}"
EndProject
Project("{FAE04EC0-301F-11D3-BF4B-00C04F79EFBC}") = "Tyuiu.ShustovTS.Sprint6.Task6.V8.Lib", "Tyuiu.ShustovTS.Sprint6.Task6.V8.Lib\Tyuiu.ShustovTS.Sprint6.Task6.V8.Lib.csproj", "{4B85260F-AB11-456F-A2D7-336A67B41D7A}"
EndProject
Project("{FAE04EC0-301F-11D3-BF4B-00C04F79EFBC}") = "Tyuiu.ShustovTS.Sprint6.Task6.V8.Test", "Tyuiu.ShustovTS.Sprint6.Task6.V8.Test\Tyuiu.ShustovTS.Sprint6.Task6.V8.Test.csproj", "{26037932-9C1E-4637-88D3-F9C46AE7C97E}"
EndProject
Project("{2150E333-8FDC-42A3-9474-1A3956D46DE8}") = "Task7", "Task7", "{0641D166-3F51-418E-B699-5C907CEA92E2}"
EndProject
Project("{FAE04EC0-301F-11D3-BF4B-00C04F79EFBC}") = "Tyuiu.ShustovTS.Sprint6.Task7.V7", "Tyuiu.ShustovTS.Sprint6.Task7.V7\Tyuiu.ShustovTS.Sprint6.Task7.V7.csproj", "{CD4C8B06-0B67-47CA-80D9-38A4CC80242F}"
EndProject
Project("{FAE04EC0-301F-11D3-BF4B-00C04F79EFBC}") = "Tyuiu.ShustovTS.Sprint6.Task7.V7.Lib", "Tyuiu.ShustovTS.Sprint6.Task7.V7.Lib\Tyuiu.ShustovTS.Sprint6.Task7.V7.Lib.csproj", "{F68B1EC4-D574-4F8D-8E20-C22B517959D0}"
EndProject
Project("{FAE04EC0-301F-11D3-BF4B-00C04F79EFBC}") = "Tyuiu.ShustovTS.Sprint6.Task7.V7.Test", "Tyuiu.ShustovTS.Sprint6.Task7.V7.Test\Tyuiu.ShustovTS.Sprint6.Task7.V7.Test.csproj", "{6793FDB2-1D76-4CDB-8B51-824472FB17C6}"
EndProject
Global
	GlobalSection(SolutionConfigurationPlatforms) = preSolution
		Debug|Any CPU = Debug|Any CPU
		Release|Any CPU = Release|Any CPU
	EndGlobalSection
	GlobalSection(ProjectConfigurationPlatforms) = postSolution
		{FB576B6A-6BE5-4398-9573-E2FB2AE3D390}.Debug|Any CPU.ActiveCfg = Debug|Any CPU
		{FB576B6A-6BE5-4398-9573-E2FB2AE3D390}.Debug|Any CPU.Build.0 = Debug|Any CPU
		{FB576B6A-6BE5-4398-9573-E2FB2AE3D390}.Release|Any CPU.ActiveCfg = Release|Any CPU
		{FB576B6A-6BE5-4398-9573-E2FB2AE3D390}.Release|Any CPU.Build.0 = Release|Any CPU
		{E2EA4427-F19E-49EA-9FB6-21EE18738A2D}.Debug|Any CPU.ActiveCfg = Debug|Any CPU
		{E2EA4427-F19E-49EA-9FB6-21EE18738A2D}.Debug|Any CPU.Build.0 = Debug|Any CPU
		{E2EA4427-F19E-49EA-9FB6-21EE18738A2D}.Release|Any CPU.ActiveCfg = Release|Any CPU
		{E2EA4427-F19E-49EA-9FB6-21EE18738A2D}.Release|Any CPU.Build.0 = Release|Any CPU
		{0970E9E2-5642-4526-A024-F36ED12ECB1A}.Debug|Any CPU.ActiveCfg = Debug|Any CPU
		{0970E9E2-5642-4526-A024-F36ED12ECB1A}.Debug|Any CPU.Build.0 = Debug|Any CPU
		{0970E9E2-5642-4526-A024-F36ED12ECB1A}.Release|Any CPU.ActiveCfg = Release|Any CPU
		{0970E9E2-5642-4526-A024-F36ED12ECB1A}.Release|Any CPU.Build.0 = Release|Any CPU
		{F4A4C893-9963-42B5-A3FF-8995379241CA}.Debug|Any CPU.ActiveCfg = Debug|Any CPU
		{F4A4C893-9963-42B5-A3FF-8995379241CA}.Debug|Any CPU.Build.0 = Debug|Any CPU
		{F4A4C893-9963-42B5-A3FF-8995379241CA}.Release|Any CPU.ActiveCfg = Release|Any CPU
		{F4A4C893-9963-42B5-A3FF-8995379241CA}.Release|Any CPU.Build.0 = Release|Any CPU
		{EF08A8E6-5E26-4588-80AE-C059E28301A8}.Debug|Any CPU.ActiveCfg = Debug|Any CPU
		{EF08A8E6-5E26-4588-80AE-C059E28301A8}.Debug|Any CPU.Build.0 = Debug|Any CPU
		{EF08A8E6-5E26-4588-80AE-C059E28301A8}.Release|Any CPU.ActiveCfg = Release|Any CPU
		{EF08A8E6-5E26-4588-80AE-C059E28301A8}.Release|Any CPU.Build.0 = Release|Any CPU
		{15E2FF8C-471A-40BF-BFFA-3EBC801B8DAB}.Debug|Any CPU.ActiveCfg = Debug|Any CPU
		{15E2FF8C-471A-40BF-BFFA-3EBC801B8DAB}.Debug|Any CPU.Build.0 = Debug|Any CPU
		{15E2FF8C-471A-40BF-BFFA-3EBC801B8DAB}.Release|Any CPU.ActiveCfg = Release|Any CPU
		{15E2FF8C-471A-40BF-BFFA-3EBC801B8DAB}.Release|Any CPU.Build.0 = Release|Any CPU
		{D55D40DF-84A2-4FCE-8591-A7C957C1D19C}.Debug|Any CPU.ActiveCfg = Debug|Any CPU
		{D55D40DF-84A2-4FCE-8591-A7C957C1D19C}.Debug|Any CPU.Build.0 = Debug|Any CPU
		{D55D40DF-84A2-4FCE-8591-A7C957C1D19C}.Release|Any CPU.ActiveCfg = Release|Any CPU
		{D55D40DF-84A2-4FCE-8591-A7C957C1D19C}.Release|Any CPU.Build.0 = Release|Any CPU
		{4B85260F-AB11-456F-A2D7-336A67B41D7A}.Debug|Any CPU.ActiveCfg = Debug|Any CPU
		{4B85260F-AB11-456F-A2D7-336A67B41D7A}.Debug|Any CPU.Build.0 = Debug|Any CPU
		{4B85260F-AB11-456F-A2D7-336A67B41D7A}.Release|Any CPU.ActiveCfg = Release|Any CPU
		{4B85260F-AB11-456F-A2D7-336A67B41D7A}.Release|Any CPU.Build.0 = Release|Any CPU
		{26037932-9C1E-4637-88D3-F9C46AE7C97E}.Debug|Any CPU.ActiveCfg = Debug|Any CPU
		{26037932-9C1E-4637-88D3-F9C46AE7C97E}.Debug|Any CPU.Build.0 = Debug|Any CPU
		{26037932-9C1E-4637-88D3-F9C46AE7C97E}.Release|Any CPU.ActiveCfg = Release|Any CPU
		{26037932-9C1E-4637-88D3-F9C46AE7C97E}.Release|Any CPU.Build.0 = Release|Any CPU
		{CD4C8B06-0B67-47CA-80D9-38A4CC80242F}.Debug|Any CPU.ActiveCfg = Debug|Any CPU
		{CD4C8B06-0B67-47CA-80D9-38A4CC80242F}.Debug|Any CPU.Build.0 = Debug|Any CPU
		{CD4C8B06-0B67-47CA-80D9-38A4CC80242F}.Release|Any CPU.ActiveCfg = Release|Any CPU
		{CD4C8B06-0B67-47CA-80D9-38A4CC80242F}.Release|Any CPU.Build.0 = Release|Any CPU
		{F68B1EC4-D574-4F8D-8E20-C22B517959D0}.Debug|Any CPU.ActiveCfg = Debug|Any CPU
		{F68B1EC4-D574-4F8D-8E20-C22B517959D0}.Debug|Any CPU.Build.0 = Debug|Any CPU
		{F68B1EC4-D574-4F8D-8E20-C22B517959D0}.Release|Any CPU.ActiveCfg = Release|Any CPU
		{F68B1EC4-D574-4F8D-8E20-C22B517959D0}.Release|Any CPU.Build.0 = Release|Any CPU
		{6793FDB2-1D76-4CDB-8B51-824472FB17C6}.Debug|Any CPU.ActiveCfg = Debug|Any CPU
		{6793FDB2-1D76-4CDB-8B51-824472FB17C6}.Debug|Any CPU.Build.0 = Debug|Any CPU
		{6793FDB2-1D76-4CDB-8B51-824472FB17C6}.Release|Any CPU.ActiveCfg = Release|Any CPU
		{6793FDB2-1D76-4CDB-8B51-824472FB17C6}.Release|Any CPU.Build.0 = Release|Any CPU
	EndGlobalSection
	GlobalSection(SolutionProperties) = preSolution
		HideSolutionNode = FALSE
	EndGlobalSection
	GlobalSection(NestedProjects) = preSolution
		{FB576B6A-6BE5-4398-9573-E2FB2AE3D390} = {5B6A8516-4A8D-4B1D-8ACB-9E3E909BC97C}
		{E2EA4427-F19E-49EA-9FB6-21EE18738A2D} = {5B6A8516-4A8D-4B1D-8ACB-9E3E909BC97C}
		{0970E9E2-5642-4526-A024-F36ED12ECB1A} = {5B6A8516-4A8D-4B1D-8ACB-9E3E909BC97C}
		{F4A4C893-9963-42B5-A3FF-8995379241CA} = {BFFC23A5-FBE3-41B3-BC99-E11182042119}
		{EF08A8E6-5E26-4588-80AE-C059E28301A8} = {BFFC23A5-FBE3-41B3-BC99-E11182042119}
		{15E2FF8C-471A-40BF-BFFA-3EBC801B8DAB} = {BFFC23A5-FBE3-41B3-BC99-E11182042119}
		{D55D40DF-84A2-4FCE-8591-A7C957C1D19C} = {42E159AA-6745-41D9-952D-DFA735A5E36B}
		{4B85260F-AB11-456F-A2D7-336A67B41D7A} = {42E159AA-6745-41D9-952D-DFA735A5E36B}
		{26037932-9C1E-4637-88D3-F9C46AE7C97E} = {42E159AA-6745-41D9-952D-DFA735A5E36B}
		{CD4C8B06-0B67-47CA-80D9-38A4CC80242F} = {0641D166-3F51-418E-B699-5C907CEA92E2}
		{F68B1EC4-D574-4F8D-8E20-C22B517959D0} = {0641D166-3F51-418E-B699-5C907CEA92E2}
		{6793FDB2-1D76-4CDB-8B51-824472FB17C6} = {0641D166-3F51-418E-B699-5C907CEA92E2}
	EndGlobalSection
	GlobalSection(ExtensibilityGlobals) = postSolution
		SolutionGuid = {A4126EA0-CEDD-4632-B2C7-48D0CDC08BD1}
	EndGlobalSection
EndGlobal
